
Microsoft Visual Studio Solution File, Format Version 12.00
# Visual Studio Version 17
VisualStudioVersion = 17.14.36623.8 d17.14
MinimumVisualStudioVersion = 10.0.40219.1
Project("{FAE04EC0-301F-11D3-BF4B-00C04F79EFBC}") = "getway", "getway.csproj", "{81487F61-468B-42A8-AD59-08FCB0B7D3AE}"
EndProject
Global
	GlobalSection(SolutionConfigurationPlatforms) = preSolution
		Debug|Any CPU = Debug|Any CPU
		Release|Any CPU = Release|Any CPU
	EndGlobalSection
	GlobalSection(ProjectConfigurationPlatforms) = postSolution
		{81487F61-468B-42A8-AD59-08FCB0B7D3AE}.Debug|Any CPU.ActiveCfg = Debug|Any CPU
		{81487F61-468B-42A8-AD59-08FCB0B7D3AE}.Debug|Any CPU.Build.0 = Debug|Any CPU
		{81487F61-468B-42A8-AD59-08FCB0B7D3AE}.Release|Any CPU.ActiveCfg = Release|Any CPU
		{81487F61-468B-42A8-AD59-08FCB0B7D3AE}.Release|Any CPU.Build.0 = Release|Any CPU
	EndGlobalSection
	GlobalSection(SolutionProperties) = preSolution
		HideSolutionNode = FALSE
	EndGlobalSection
	GlobalSection(ExtensibilityGlobals) = postSolution
		SolutionGuid = {73E99AF5-60AB-40E0-8A2B-F079D01FFAA8}
	EndGlobalSection
EndGlobal
